
Microsoft Visual Studio Solution File, Format Version 12.00
# Visual Studio 15
VisualStudioVersion = 15.0.27004.2005
MinimumVisualStudioVersion = 10.0.40219.1
Project("{FAE04EC0-301F-11D3-BF4B-00C04F79EFBC}") = "ObjectLifeTime", "ObjectLifeTime\ObjectLifeTime.csproj", "{CA84D47A-F1D7-4498-9210-68EE5D29BC23}"
EndProject
Global
	GlobalSection(SolutionConfigurationPlatforms) = preSolution
		Debug|Any CPU = Debug|Any CPU
		Release|Any CPU = Release|Any CPU
	EndGlobalSection
	GlobalSection(ProjectConfigurationPlatforms) = postSolution
		{CA84D47A-F1D7-4498-9210-68EE5D29BC23}.Debug|Any CPU.ActiveCfg = Debug|Any CPU
		{CA84D47A-F1D7-4498-9210-68EE5D29BC23}.Debug|Any CPU.Build.0 = Debug|Any CPU
		{CA84D47A-F1D7-4498-9210-68EE5D29BC23}.Release|Any CPU.ActiveCfg = Release|Any CPU
		{CA84D47A-F1D7-4498-9210-68EE5D29BC23}.Release|Any CPU.Build.0 = Release|Any CPU
	EndGlobalSection
	GlobalSection(SolutionProperties) = preSolution
		HideSolutionNode = FALSE
	EndGlobalSection
	GlobalSection(ExtensibilityGlobals) = postSolution
		SolutionGuid = {84EBDDBD-DCCE-4DB3-B87D-06FF250301A3}
	EndGlobalSection
EndGlobal
