
Microsoft Visual Studio Solution File, Format Version 12.00
# Visual Studio 15
VisualStudioVersion = 15.0.27004.2005
MinimumVisualStudioVersion = 10.0.40219.1
Project("{FAE04EC0-301F-11D3-BF4B-00C04F79EFBC}") = "UnderstandingScope", "UnderstandingScope\UnderstandingScope.csproj", "{D77D46E8-2961-45B0-BEC9-54F7768459FF}"
EndProject
Global
	GlobalSection(SolutionConfigurationPlatforms) = preSolution
		Debug|Any CPU = Debug|Any CPU
		Release|Any CPU = Release|Any CPU
	EndGlobalSection
	GlobalSection(ProjectConfigurationPlatforms) = postSolution
		{D77D46E8-2961-45B0-BEC9-54F7768459FF}.Debug|Any CPU.ActiveCfg = Debug|Any CPU
		{D77D46E8-2961-45B0-BEC9-54F7768459FF}.Debug|Any CPU.Build.0 = Debug|Any CPU
		{D77D46E8-2961-45B0-BEC9-54F7768459FF}.Release|Any CPU.ActiveCfg = Release|Any CPU
		{D77D46E8-2961-45B0-BEC9-54F7768459FF}.Release|Any CPU.Build.0 = Release|Any CPU
	EndGlobalSection
	GlobalSection(SolutionProperties) = preSolution
		HideSolutionNode = FALSE
	EndGlobalSection
	GlobalSection(ExtensibilityGlobals) = postSolution
		SolutionGuid = {77987B35-D224-48CD-8559-EFCC936BDC32}
	EndGlobalSection
EndGlobal
