
Microsoft Visual Studio Solution File, Format Version 12.00
# Visual Studio 15
VisualStudioVersion = 15.0.27130.2027
MinimumVisualStudioVersion = 10.0.40219.1
Project("{FAE04EC0-301F-11D3-BF4B-00C04F79EFBC}") = "UI", "UI\UI.csproj", "{32CEB44F-4156-4076-807B-E516BF949417}"
EndProject
Project("{FAE04EC0-301F-11D3-BF4B-00C04F79EFBC}") = "DAL", "DAL\DAL.csproj", "{EC138658-5BD8-4C18-B9DD-311037E04D4C}"
EndProject
Project("{FAE04EC0-301F-11D3-BF4B-00C04F79EFBC}") = "BLL", "BLL\BLL.csproj", "{3AF6AB54-737C-400C-A549-57851B4A3784}"
EndProject
Project("{FAE04EC0-301F-11D3-BF4B-00C04F79EFBC}") = "Entidades", "Entidades\Entidades.csproj", "{908B201C-4037-4B27-8295-49DE65C2E5EC}"
EndProject
Global
	GlobalSection(SolutionConfigurationPlatforms) = preSolution
		Debug|Any CPU = Debug|Any CPU
		Release|Any CPU = Release|Any CPU
	EndGlobalSection
	GlobalSection(ProjectConfigurationPlatforms) = postSolution
		{32CEB44F-4156-4076-807B-E516BF949417}.Debug|Any CPU.ActiveCfg = Debug|Any CPU
		{32CEB44F-4156-4076-807B-E516BF949417}.Debug|Any CPU.Build.0 = Debug|Any CPU
		{32CEB44F-4156-4076-807B-E516BF949417}.Release|Any CPU.ActiveCfg = Release|Any CPU
		{32CEB44F-4156-4076-807B-E516BF949417}.Release|Any CPU.Build.0 = Release|Any CPU
		{EC138658-5BD8-4C18-B9DD-311037E04D4C}.Debug|Any CPU.ActiveCfg = Debug|Any CPU
		{EC138658-5BD8-4C18-B9DD-311037E04D4C}.Debug|Any CPU.Build.0 = Debug|Any CPU
		{EC138658-5BD8-4C18-B9DD-311037E04D4C}.Release|Any CPU.ActiveCfg = Release|Any CPU
		{EC138658-5BD8-4C18-B9DD-311037E04D4C}.Release|Any CPU.Build.0 = Release|Any CPU
		{3AF6AB54-737C-400C-A549-57851B4A3784}.Debug|Any CPU.ActiveCfg = Debug|Any CPU
		{3AF6AB54-737C-400C-A549-57851B4A3784}.Debug|Any CPU.Build.0 = Debug|Any CPU
		{3AF6AB54-737C-400C-A549-57851B4A3784}.Release|Any CPU.ActiveCfg = Release|Any CPU
		{3AF6AB54-737C-400C-A549-57851B4A3784}.Release|Any CPU.Build.0 = Release|Any CPU
		{908B201C-4037-4B27-8295-49DE65C2E5EC}.Debug|Any CPU.ActiveCfg = Debug|Any CPU
		{908B201C-4037-4B27-8295-49DE65C2E5EC}.Debug|Any CPU.Build.0 = Debug|Any CPU
		{908B201C-4037-4B27-8295-49DE65C2E5EC}.Release|Any CPU.ActiveCfg = Release|Any CPU
		{908B201C-4037-4B27-8295-49DE65C2E5EC}.Release|Any CPU.Build.0 = Release|Any CPU
	EndGlobalSection
	GlobalSection(SolutionProperties) = preSolution
		HideSolutionNode = FALSE
	EndGlobalSection
	GlobalSection(ExtensibilityGlobals) = postSolution
		SolutionGuid = {19F523EA-4A2E-49AE-B79A-31CFEF9335C5}
	EndGlobalSection
EndGlobal
